
Microsoft Visual Studio Solution File, Format Version 12.00
# Visual Studio 15
VisualStudioVersion = 15.0.28307.1145
MinimumVisualStudioVersion = 10.0.40219.1
Project("{FAE04EC0-301F-11D3-BF4B-00C04F79EFBC}") = "Fitness.BL", "Fitness.BL\Fitness.BL.csproj", "{1A30E17E-665B-4CCF-8F7D-8625E5A15438}"
EndProject
Project("{FAE04EC0-301F-11D3-BF4B-00C04F79EFBC}") = "Fitness.CMD", "Fitness.CMD\Fitness.CMD.csproj", "{A56594E0-5341-467A-8025-5B2D119F2E58}"
EndProject
Global
	GlobalSection(SolutionConfigurationPlatforms) = preSolution
		Debug|Any CPU = Debug|Any CPU
		Release|Any CPU = Release|Any CPU
	EndGlobalSection
	GlobalSection(ProjectConfigurationPlatforms) = postSolution
		{1A30E17E-665B-4CCF-8F7D-8625E5A15438}.Debug|Any CPU.ActiveCfg = Debug|Any CPU
		{1A30E17E-665B-4CCF-8F7D-8625E5A15438}.Debug|Any CPU.Build.0 = Debug|Any CPU
		{1A30E17E-665B-4CCF-8F7D-8625E5A15438}.Release|Any CPU.ActiveCfg = Release|Any CPU
		{1A30E17E-665B-4CCF-8F7D-8625E5A15438}.Release|Any CPU.Build.0 = Release|Any CPU
		{A56594E0-5341-467A-8025-5B2D119F2E58}.Debug|Any CPU.ActiveCfg = Debug|Any CPU
		{A56594E0-5341-467A-8025-5B2D119F2E58}.Debug|Any CPU.Build.0 = Debug|Any CPU
		{A56594E0-5341-467A-8025-5B2D119F2E58}.Release|Any CPU.ActiveCfg = Release|Any CPU
		{A56594E0-5341-467A-8025-5B2D119F2E58}.Release|Any CPU.Build.0 = Release|Any CPU
	EndGlobalSection
	GlobalSection(SolutionProperties) = preSolution
		HideSolutionNode = FALSE
	EndGlobalSection
	GlobalSection(ExtensibilityGlobals) = postSolution
		SolutionGuid = {6602F5AD-96EB-47B8-A7B8-F4809D6C9166}
	EndGlobalSection
EndGlobal
